// !$*UTF8*$!
{
	archiveVersion = 1;
	classes = {
	};
	objectVersion = 50;
	objects = {

/* Begin PBXBuildFile section */
		D1E440632199DFD0001B4101 /* AppDelegate.swift in Sources */ = {isa = PBXBuildFile; fileRef = D1E440622199DFD0001B4101 /* AppDelegate.swift */; };
		D1E440652199DFD0001B4101 /* PaintingViewController.swift in Sources */ = {isa = PBXBuildFile; fileRef = D1E440642199DFD0001B4101 /* PaintingViewController.swift */; };
		D1E440682199DFD0001B4101 /* Main.storyboard in Resources */ = {isa = PBXBuildFile; fileRef = D1E440662199DFD0001B4101 /* Main.storyboard */; };
		D1E4406A2199DFD1001B4101 /* Assets.xcassets in Resources */ = {isa = PBXBuildFile; fileRef = D1E440692199DFD1001B4101 /* Assets.xcassets */; };
		D1E4406D2199DFD1001B4101 /* LaunchScreen.storyboard in Resources */ = {isa = PBXBuildFile; fileRef = D1E4406B2199DFD1001B4101 /* LaunchScreen.storyboard */; };
		D1E440752199E07C001B4101 /* PaintingTableViewCell.swift in Sources */ = {isa = PBXBuildFile; fileRef = D1E440742199E07C001B4101 /* PaintingTableViewCell.swift */; };
		D1E440772199E176001B4101 /* PaintingAssets.xcassets in Resources */ = {isa = PBXBuildFile; fileRef = D1E440762199E176001B4101 /* PaintingAssets.xcassets */; };
		D1E440792199E395001B4101 /* Painting.swift in Sources */ = {isa = PBXBuildFile; fileRef = D1E440782199E395001B4101 /* Painting.swift */; };
		D1E4407B2199E3A6001B4101 /* PaintingTableViewCellDelegate.swift in Sources */ = {isa = PBXBuildFile; fileRef = D1E4407A2199E3A6001B4101 /* PaintingTableViewCellDelegate.swift */; };
		D1E4407D2199E3B9001B4101 /* PaintingModel.swift in Sources */ = {isa = PBXBuildFile; fileRef = D1E4407C2199E3B9001B4101 /* PaintingModel.swift */; };
/* End PBXBuildFile section */

/* Begin PBXFileReference section */
		D1E4405F2199DFD0001B4101 /* ArtGallery.app */ = {isa = PBXFileReference; explicitFileType = wrapper.application; includeInIndex = 0; path = ArtGallery.app; sourceTree = BUILT_PRODUCTS_DIR; };
		D1E440622199DFD0001B4101 /* AppDelegate.swift */ = {isa = PBXFileReference; lastKnownFileType = sourcecode.swift; path = AppDelegate.swift; sourceTree = "<group>"; };
		D1E440642199DFD0001B4101 /* PaintingViewController.swift */ = {isa = PBXFileReference; lastKnownFileType = sourcecode.swift; path = PaintingViewController.swift; sourceTree = "<group>"; };
		D1E440672199DFD0001B4101 /* Base */ = {isa = PBXFileReference; lastKnownFileType = file.storyboard; name = Base; path = Base.lproj/Main.storyboard; sourceTree = "<group>"; };
		D1E440692199DFD1001B4101 /* Assets.xcassets */ = {isa = PBXFileReference; lastKnownFileType = folder.assetcatalog; path = Assets.xcassets; sourceTree = "<group>"; };
		D1E4406C2199DFD1001B4101 /* Base */ = {isa = PBXFileReference; lastKnownFileType = file.storyboard; name = Base; path = Base.lproj/LaunchScreen.storyboard; sourceTree = "<group>"; };
		D1E4406E2199DFD1001B4101 /* Info.plist */ = {isa = PBXFileReference; lastKnownFileType = text.plist.xml; path = Info.plist; sourceTree = "<group>"; };
		D1E440742199E07C001B4101 /* PaintingTableViewCell.swift */ = {isa = PBXFileReference; lastKnownFileType = sourcecode.swift; path = PaintingTableViewCell.swift; sourceTree = "<group>"; };
		D1E440762199E176001B4101 /* PaintingAssets.xcassets */ = {isa = PBXFileReference; lastKnownFileType = folder.assetcatalog; path = PaintingAssets.xcassets; sourceTree = SOURCE_ROOT; };
		D1E440782199E395001B4101 /* Painting.swift */ = {isa = PBXFileReference; lastKnownFileType = sourcecode.swift; path = Painting.swift; sourceTree = "<group>"; };
		D1E4407A2199E3A6001B4101 /* PaintingTableViewCellDelegate.swift */ = {isa = PBXFileReference; lastKnownFileType = sourcecode.swift; path = PaintingTableViewCellDelegate.swift; sourceTree = "<group>"; };
		D1E4407C2199E3B9001B4101 /* PaintingModel.swift */ = {isa = PBXFileReference; lastKnownFileType = sourcecode.swift; path = PaintingModel.swift; sourceTree = "<group>"; };
/* End PBXFileReference section */

/* Begin PBXFrameworksBuildPhase section */
		D1E4405C2199DFD0001B4101 /* Frameworks */ = {
			isa = PBXFrameworksBuildPhase;
			buildActionMask = 2147483647;
			files = (
			);
			runOnlyForDeploymentPostprocessing = 0;
		};
/* End PBXFrameworksBuildPhase section */

/* Begin PBXGroup section */
		D1E440562199DFD0001B4101 = {
			isa = PBXGroup;
			children = (
				D1E440612199DFD0001B4101 /* ArtGallery */,
				D1E440602199DFD0001B4101 /* Products */,
			);
			sourceTree = "<group>";
		};
		D1E440602199DFD0001B4101 /* Products */ = {
			isa = PBXGroup;
			children = (
				D1E4405F2199DFD0001B4101 /* ArtGallery.app */,
			);
			name = Products;
			sourceTree = "<group>";
		};
		D1E440612199DFD0001B4101 /* ArtGallery */ = {
			isa = PBXGroup;
			children = (
				D1E440622199DFD0001B4101 /* AppDelegate.swift */,
				D1E440642199DFD0001B4101 /* PaintingViewController.swift */,
				D1E440782199E395001B4101 /* Painting.swift */,
				D1E4407A2199E3A6001B4101 /* PaintingTableViewCellDelegate.swift */,
				D1E4407C2199E3B9001B4101 /* PaintingModel.swift */,
				D1E440742199E07C001B4101 /* PaintingTableViewCell.swift */,
				D1E440662199DFD0001B4101 /* Main.storyboard */,
				D1E440762199E176001B4101 /* PaintingAssets.xcassets */,
				D1E440692199DFD1001B4101 /* Assets.xcassets */,
				D1E4406B2199DFD1001B4101 /* LaunchScreen.storyboard */,
				D1E4406E2199DFD1001B4101 /* Info.plist */,
			);
			path = ArtGallery;
			sourceTree = "<group>";
		};
/* End PBXGroup section */

/* Begin PBXNativeTarget section */
		D1E4405E2199DFD0001B4101 /* ArtGallery */ = {
			isa = PBXNativeTarget;
			buildConfigurationList = D1E440712199DFD1001B4101 /* Build configuration list for PBXNativeTarget "ArtGallery" */;
			buildPhases = (
				D1E4405B2199DFD0001B4101 /* Sources */,
				D1E4405C2199DFD0001B4101 /* Frameworks */,
				D1E4405D2199DFD0001B4101 /* Resources */,
			);
			buildRules = (
			);
			dependencies = (
			);
			name = ArtGallery;
			productName = ArtGallery;
			productReference = D1E4405F2199DFD0001B4101 /* ArtGallery.app */;
			productType = "com.apple.product-type.application";
		};
/* End PBXNativeTarget section */

/* Begin PBXProject section */
		D1E440572199DFD0001B4101 /* Project object */ = {
			isa = PBXProject;
			attributes = {
				LastSwiftUpdateCheck = 1010;
				LastUpgradeCheck = 1010;
				ORGANIZATIONNAME = "Benjamin Hakes";
				TargetAttributes = {
					D1E4405E2199DFD0001B4101 = {
						CreatedOnToolsVersion = 10.1;
					};
				};
			};
			buildConfigurationList = D1E4405A2199DFD0001B4101 /* Build configuration list for PBXProject "ArtGallery" */;
			compatibilityVersion = "Xcode 9.3";
			developmentRegion = en;
			hasScannedForEncodings = 0;
			knownRegions = (
				en,
				Base,
			);
			mainGroup = D1E440562199DFD0001B4101;
			productRefGroup = D1E440602199DFD0001B4101 /* Products */;
			projectDirPath = "";
			projectRoot = "";
			targets = (
				D1E4405E2199DFD0001B4101 /* ArtGallery */,
			);
		};
/* End PBXProject section */

/* Begin PBXResourcesBuildPhase section */
		D1E4405D2199DFD0001B4101 /* Resources */ = {
			isa = PBXResourcesBuildPhase;
			buildActionMask = 2147483647;
			files = (
				D1E440772199E176001B4101 /* PaintingAssets.xcassets in Resources */,
				D1E4406D2199DFD1001B4101 /* LaunchScreen.storyboard in Resources */,
				D1E4406A2199DFD1001B4101 /* Assets.xcassets in Resources */,
				D1E440682199DFD0001B4101 /* Main.storyboard in Resources */,
			);
			runOnlyForDeploymentPostprocessing = 0;
		};
/* End PBXResourcesBuildPhase section */

/* Begin PBXSourcesBuildPhase section */
		D1E4405B2199DFD0001B4101 /* Sources */ = {
			isa = PBXSourcesBuildPhase;
			buildActionMask = 2147483647;
			files = (
				D1E440652199DFD0001B4101 /* PaintingViewController.swift in Sources */,
				D1E4407D2199E3B9001B4101 /* PaintingModel.swift in Sources */,
				D1E440632199DFD0001B4101 /* AppDelegate.swift in Sources */,
				D1E440752199E07C001B4101 /* PaintingTableViewCell.swift in Sources */,
				D1E440792199E395001B4101 /* Painting.swift in Sources */,
				D1E4407B2199E3A6001B4101 /* PaintingTableViewCellDelegate.swift in Sources */,
			);
			runOnlyForDeploymentPostprocessing = 0;
		};
/* End PBXSourcesBuildPhase section */

/* Begin PBXVariantGroup section */
		D1E440662199DFD0001B4101 /* Main.storyboard */ = {
			isa = PBXVariantGroup;
			children = (
				D1E440672199DFD0001B4101 /* Base */,
			);
			name = Main.storyboard;
			sourceTree = "<group>";
		};
		D1E4406B2199DFD1001B4101 /* LaunchScreen.storyboard */ = {
			isa = PBXVariantGroup;
			children = (
				D1E4406C2199DFD1001B4101 /* Base */,
			);
			name = LaunchScreen.storyboard;
			sourceTree = "<group>";
		};
/* End PBXVariantGroup section */

/* Begin XCBuildConfiguration section */
		D1E4406F2199DFD1001B4101 /* Debug */ = {
			isa = XCBuildConfiguration;
			buildSettings = {
				ALWAYS_SEARCH_USER_PATHS = NO;
				CLANG_ANALYZER_NONNULL = YES;
				CLANG_ANALYZER_NUMBER_OBJECT_CONVERSION = YES_AGGRESSIVE;
				CLANG_CXX_LANGUAGE_STANDARD = "gnu++14";
				CLANG_CXX_LIBRARY = "libc++";
				CLANG_ENABLE_MODULES = YES;
				CLANG_ENABLE_OBJC_ARC = YES;
				CLANG_ENABLE_OBJC_WEAK = YES;
				CLANG_WARN_BLOCK_CAPTURE_AUTORELEASING = YES;
				CLANG_WARN_BOOL_CONVERSION = YES;
				CLANG_WARN_COMMA = YES;
				CLANG_WARN_CONSTANT_CONVERSION = YES;
				CLANG_WARN_DEPRECATED_OBJC_IMPLEMENTATIONS = YES;
				CLANG_WARN_DIRECT_OBJC_ISA_USAGE = YES_ERROR;
				CLANG_WARN_DOCUMENTATION_COMMENTS = YES;
				CLANG_WARN_EMPTY_BODY = YES;
				CLANG_WARN_ENUM_CONVERSION = YES;
				CLANG_WARN_INFINITE_RECURSION = YES;
				CLANG_WARN_INT_CONVERSION = YES;
				CLANG_WARN_NON_LITERAL_NULL_CONVERSION = YES;
				CLANG_WARN_OBJC_IMPLICIT_RETAIN_SELF = YES;
				CLANG_WARN_OBJC_LITERAL_CONVERSION = YES;
				CLANG_WARN_OBJC_ROOT_CLASS = YES_ERROR;
				CLANG_WARN_RANGE_LOOP_ANALYSIS = YES;
				CLANG_WARN_STRICT_PROTOTYPES = YES;
				CLANG_WARN_SUSPICIOUS_MOVE = YES;
				CLANG_WARN_UNGUARDED_AVAILABILITY = YES_AGGRESSIVE;
				CLANG_WARN_UNREACHABLE_CODE = YES;
				CLANG_WARN__DUPLICATE_METHOD_MATCH = YES;
				CODE_SIGN_IDENTITY = "iPhone Developer";
				COPY_PHASE_STRIP = NO;
				DEBUG_INFORMATION_FORMAT = dwarf;
				ENABLE_STRICT_OBJC_MSGSEND = YES;
				ENABLE_TESTABILITY = YES;
				GCC_C_LANGUAGE_STANDARD = gnu11;
				GCC_DYNAMIC_NO_PIC = NO;
				GCC_NO_COMMON_BLOCKS = YES;
				GCC_OPTIMIZATION_LEVEL = 0;
				GCC_PREPROCESSOR_DEFINITIONS = (
					"DEBUG=1",
					"$(inherited)",
				);
				GCC_WARN_64_TO_32_BIT_CONVERSION = YES;
				GCC_WARN_ABOUT_RETURN_TYPE = YES_ERROR;
				GCC_WARN_UNDECLARED_SELECTOR = YES;
				GCC_WARN_UNINITIALIZED_AUTOS = YES_AGGRESSIVE;
				GCC_WARN_UNUSED_FUNCTION = YES;
				GCC_WARN_UNUSED_VARIABLE = YES;
				IPHONEOS_DEPLOYMENT_TARGET = 12.1;
				MTL_ENABLE_DEBUG_INFO = INCLUDE_SOURCE;
				MTL_FAST_MATH = YES;
				ONLY_ACTIVE_ARCH = YES;
				SDKROOT = iphoneos;
				SWIFT_ACTIVE_COMPILATION_CONDITIONS = DEBUG;
				SWIFT_OPTIMIZATION_LEVEL = "-Onone";
			};
			name = Debug;
		};
		D1E440702199DFD1001B4101 /* Release */ = {
			isa = XCBuildConfiguration;
			buildSettings = {
				ALWAYS_SEARCH_USER_PATHS = NO;
				CLANG_ANALYZER_NONNULL = YES;
				CLANG_ANALYZER_NUMBER_OBJECT_CONVERSION = YES_AGGRESSIVE;
				CLANG_CXX_LANGUAGE_STANDARD = "gnu++14";
				CLANG_CXX_LIBRARY = "libc++";
				CLANG_ENABLE_MODULES = YES;
				CLANG_ENABLE_OBJC_ARC = YES;
				CLANG_ENABLE_OBJC_WEAK = YES;
				CLANG_WARN_BLOCK_CAPTURE_AUTORELEASING = YES;
				CLANG_WARN_BOOL_CONVERSION = YES;
				CLANG_WARN_COMMA = YES;
				CLANG_WARN_CONSTANT_CONVERSION = YES;
				CLANG_WARN_DEPRECATED_OBJC_IMPLEMENTATIONS = YES;
				CLANG_WARN_DIRECT_OBJC_ISA_USAGE = YES_ERROR;
				CLANG_WARN_DOCUMENTATION_COMMENTS = YES;
				CLANG_WARN_EMPTY_BODY = YES;
				CLANG_WARN_ENUM_CONVERSION = YES;
				CLANG_WARN_INFINITE_RECURSION = YES;
				CLANG_WARN_INT_CONVERSION = YES;
				CLANG_WARN_NON_LITERAL_NULL_CONVERSION = YES;
				CLANG_WARN_OBJC_IMPLICIT_RETAIN_SELF = YES;
				CLANG_WARN_OBJC_LITERAL_CONVERSION = YES;
				CLANG_WARN_OBJC_ROOT_CLASS = YES_ERROR;
				CLANG_WARN_RANGE_LOOP_ANALYSIS = YES;
				CLANG_WARN_STRICT_PROTOTYPES = YES;
				CLANG_WARN_SUSPICIOUS_MOVE = YES;
				CLANG_WARN_UNGUARDED_AVAILABILITY = YES_AGGRESSIVE;
				CLANG_WARN_UNREACHABLE_CODE = YES;
				CLANG_WARN__DUPLICATE_METHOD_MATCH = YES;
				CODE_SIGN_IDENTITY = "iPhone Developer";
				COPY_PHASE_STRIP = NO;
				DEBUG_INFORMATION_FORMAT = "dwarf-with-dsym";
				ENABLE_NS_ASSERTIONS = NO;
				ENABLE_STRICT_OBJC_MSGSEND = YES;
				GCC_C_LANGUAGE_STANDARD = gnu11;
				GCC_NO_COMMON_BLOCKS = YES;
				GCC_WARN_64_TO_32_BIT_CONVERSION = YES;
				GCC_WARN_ABOUT_RETURN_TYPE = YES_ERROR;
				GCC_WARN_UNDECLARED_SELECTOR = YES;
				GCC_WARN_UNINITIALIZED_AUTOS = YES_AGGRESSIVE;
				GCC_WARN_UNUSED_FUNCTION = YES;
				GCC_WARN_UNUSED_VARIABLE = YES;
				IPHONEOS_DEPLOYMENT_TARGET = 12.1;
				MTL_ENABLE_DEBUG_INFO = NO;
				MTL_FAST_MATH = YES;
				SDKROOT = iphoneos;
				SWIFT_COMPILATION_MODE = wholemodule;
				SWIFT_OPTIMIZATION_LEVEL = "-O";
				VALIDATE_PRODUCT = YES;
			};
			name = Release;
		};
		D1E440722199DFD1001B4101 /* Debug */ = {
			isa = XCBuildConfiguration;
			buildSettings = {
				ASSETCATALOG_COMPILER_APPICON_NAME = AppIcon;
				CODE_SIGN_STYLE = Automatic;
				DEVELOPMENT_TEAM = S5U94G8XN2;
				INFOPLIST_FILE = ArtGallery/Info.plist;
				LD_RUNPATH_SEARCH_PATHS = (
					"$(inherited)",
					"@executable_path/Frameworks",
				);
				PRODUCT_BUNDLE_IDENTIFIER = com.mettabits.ArtGallery;
				PRODUCT_NAME = "$(TARGET_NAME)";
				SWIFT_VERSION = 4.2;
				TARGETED_DEVICE_FAMILY = "1,2";
			};
			name = Debug;
		};
		D1E440732199DFD1001B4101 /* Release */ = {
			isa = XCBuildConfiguration;
			buildSettings = {
				ASSETCATALOG_COMPILER_APPICON_NAME = AppIcon;
				CODE_SIGN_STYLE = Automatic;
				DEVELOPMENT_TEAM = S5U94G8XN2;
				INFOPLIST_FILE = ArtGallery/Info.plist;
				LD_RUNPATH_SEARCH_PATHS = (
					"$(inherited)",
					"@executable_path/Frameworks",
				);
				PRODUCT_BUNDLE_IDENTIFIER = com.mettabits.ArtGallery;
				PRODUCT_NAME = "$(TARGET_NAME)";
				SWIFT_VERSION = 4.2;
				TARGETED_DEVICE_FAMILY = "1,2";
			};
			name = Release;
		};
/* End XCBuildConfiguration section */

/* Begin XCConfigurationList section */
		D1E4405A2199DFD0001B4101 /* Build configuration list for PBXProject "ArtGallery" */ = {
			isa = XCConfigurationList;
			buildConfigurations = (
				D1E4406F2199DFD1001B4101 /* Debug */,
				D1E440702199DFD1001B4101 /* Release */,
			);
			defaultConfigurationIsVisible = 0;
			defaultConfigurationName = Release;
		};
		D1E440712199DFD1001B4101 /* Build configuration list for PBXNativeTarget "ArtGallery" */ = {
			isa = XCConfigurationList;
			buildConfigurations = (
				D1E440722199DFD1001B4101 /* Debug */,
				D1E440732199DFD1001B4101 /* Release */,
			);
			defaultConfigurationIsVisible = 0;
			defaultConfigurationName = Release;
		};
/* End XCConfigurationList section */
	};
	rootObject = D1E440572199DFD0001B4101 /* Project object */;
}
