// !$*UTF8*$!
{
	archiveVersion = 1;
	classes = {
	};
	objectVersion = 50;
	objects = {

/* Begin PBXBuildFile section */
		1B5077A421ED29A800B6C93F /* AppDelegate.swift in Sources */ = {isa = PBXBuildFile; fileRef = 1B5077A321ED29A800B6C93F /* AppDelegate.swift */; };
		1B5077A921ED29A800B6C93F /* Main.storyboard in Resources */ = {isa = PBXBuildFile; fileRef = 1B5077A721ED29A800B6C93F /* Main.storyboard */; };
		1B5077AB21ED29A800B6C93F /* Assets.xcassets in Resources */ = {isa = PBXBuildFile; fileRef = 1B5077AA21ED29A800B6C93F /* Assets.xcassets */; };
		1B5077AE21ED29A900B6C93F /* LaunchScreen.storyboard in Resources */ = {isa = PBXBuildFile; fileRef = 1B5077AC21ED29A900B6C93F /* LaunchScreen.storyboard */; };
		1B5077B621ED2B2000B6C93F /* PaintingViewController.swift in Sources */ = {isa = PBXBuildFile; fileRef = 1B5077B521ED2B2000B6C93F /* PaintingViewController.swift */; };
		1B5077B821ED2B3700B6C93F /* PaintingTableViewCell.swift in Sources */ = {isa = PBXBuildFile; fileRef = 1B5077B721ED2B3700B6C93F /* PaintingTableViewCell.swift */; };
		1B5077BA21ED2B5200B6C93F /* Painting.swift in Sources */ = {isa = PBXBuildFile; fileRef = 1B5077B921ED2B5200B6C93F /* Painting.swift */; };
		1B5077C021ED2BFB00B6C93F /* PaintingModel.swift in Sources */ = {isa = PBXBuildFile; fileRef = 1B5077BF21ED2BFB00B6C93F /* PaintingModel.swift */; };
/* End PBXBuildFile section */

/* Begin PBXFileReference section */
		1B5077A021ED29A800B6C93F /* artGallery.app */ = {isa = PBXFileReference; explicitFileType = wrapper.application; includeInIndex = 0; path = artGallery.app; sourceTree = BUILT_PRODUCTS_DIR; };
		1B5077A321ED29A800B6C93F /* AppDelegate.swift */ = {isa = PBXFileReference; lastKnownFileType = sourcecode.swift; path = AppDelegate.swift; sourceTree = "<group>"; };
		1B5077A821ED29A800B6C93F /* Base */ = {isa = PBXFileReference; lastKnownFileType = file.storyboard; name = Base; path = Base.lproj/Main.storyboard; sourceTree = "<group>"; };
		1B5077AA21ED29A800B6C93F /* Assets.xcassets */ = {isa = PBXFileReference; lastKnownFileType = folder.assetcatalog; path = Assets.xcassets; sourceTree = "<group>"; };
		1B5077AD21ED29A900B6C93F /* Base */ = {isa = PBXFileReference; lastKnownFileType = file.storyboard; name = Base; path = Base.lproj/LaunchScreen.storyboard; sourceTree = "<group>"; };
		1B5077AF21ED29A900B6C93F /* Info.plist */ = {isa = PBXFileReference; lastKnownFileType = text.plist.xml; path = Info.plist; sourceTree = "<group>"; };
		1B5077B521ED2B2000B6C93F /* PaintingViewController.swift */ = {isa = PBXFileReference; lastKnownFileType = sourcecode.swift; path = PaintingViewController.swift; sourceTree = "<group>"; };
		1B5077B721ED2B3700B6C93F /* PaintingTableViewCell.swift */ = {isa = PBXFileReference; lastKnownFileType = sourcecode.swift; path = PaintingTableViewCell.swift; sourceTree = "<group>"; };
		1B5077B921ED2B5200B6C93F /* Painting.swift */ = {isa = PBXFileReference; lastKnownFileType = sourcecode.swift; path = Painting.swift; sourceTree = "<group>"; };
		1B5077BF21ED2BFB00B6C93F /* PaintingModel.swift */ = {isa = PBXFileReference; lastKnownFileType = sourcecode.swift; path = PaintingModel.swift; sourceTree = "<group>"; };
/* End PBXFileReference section */

/* Begin PBXFrameworksBuildPhase section */
		1B50779D21ED29A800B6C93F /* Frameworks */ = {
			isa = PBXFrameworksBuildPhase;
			buildActionMask = 2147483647;
			files = (
			);
			runOnlyForDeploymentPostprocessing = 0;
		};
/* End PBXFrameworksBuildPhase section */

/* Begin PBXGroup section */
		1B50779721ED29A800B6C93F = {
			isa = PBXGroup;
			children = (
				1B5077A221ED29A800B6C93F /* artGallery */,
				1B5077AF21ED29A900B6C93F /* Info.plist */,
				1B5077A321ED29A800B6C93F /* AppDelegate.swift */,
				1B5077A121ED29A800B6C93F /* Products */,
			);
			sourceTree = "<group>";
		};
		1B5077A121ED29A800B6C93F /* Products */ = {
			isa = PBXGroup;
			children = (
				1B5077A021ED29A800B6C93F /* artGallery.app */,
			);
			name = Products;
			sourceTree = "<group>";
		};
		1B5077A221ED29A800B6C93F /* artGallery */ = {
			isa = PBXGroup;
			children = (
				1B5077BD21ED2BC300B6C93F /* Model */,
				1B5077C121ED2C0500B6C93F /* Model Controller */,
				1B5077BB21ED2B9D00B6C93F /* View */,
				1B5077BE21ED2BE200B6C93F /* Resources */,
			);
			path = artGallery;
			sourceTree = "<group>";
		};
		1B5077BB21ED2B9D00B6C93F /* View */ = {
			isa = PBXGroup;
			children = (
				1B5077A721ED29A800B6C93F /* Main.storyboard */,
				1B5077BC21ED2BB100B6C93F /* View Controllers */,
			);
			path = View;
			sourceTree = "<group>";
		};
		1B5077BC21ED2BB100B6C93F /* View Controllers */ = {
			isa = PBXGroup;
			children = (
				1B5077B521ED2B2000B6C93F /* PaintingViewController.swift */,
				1B5077B721ED2B3700B6C93F /* PaintingTableViewCell.swift */,
			);
			path = "View Controllers";
			sourceTree = "<group>";
		};
		1B5077BD21ED2BC300B6C93F /* Model */ = {
			isa = PBXGroup;
			children = (
				1B5077B921ED2B5200B6C93F /* Painting.swift */,
			);
			path = Model;
			sourceTree = "<group>";
		};
		1B5077BE21ED2BE200B6C93F /* Resources */ = {
			isa = PBXGroup;
			children = (
				1B5077AA21ED29A800B6C93F /* Assets.xcassets */,
				1B5077AC21ED29A900B6C93F /* LaunchScreen.storyboard */,
			);
			path = Resources;
			sourceTree = "<group>";
		};
		1B5077C121ED2C0500B6C93F /* Model Controller */ = {
			isa = PBXGroup;
			children = (
				1B5077BF21ED2BFB00B6C93F /* PaintingModel.swift */,
			);
			path = "Model Controller";
			sourceTree = "<group>";
		};
/* End PBXGroup section */

/* Begin PBXNativeTarget section */
		1B50779F21ED29A800B6C93F /* artGallery */ = {
			isa = PBXNativeTarget;
			buildConfigurationList = 1B5077B221ED29A900B6C93F /* Build configuration list for PBXNativeTarget "artGallery" */;
			buildPhases = (
				1B50779C21ED29A800B6C93F /* Sources */,
				1B50779D21ED29A800B6C93F /* Frameworks */,
				1B50779E21ED29A800B6C93F /* Resources */,
			);
			buildRules = (
			);
			dependencies = (
			);
			name = artGallery;
			productName = artGallery;
			productReference = 1B5077A021ED29A800B6C93F /* artGallery.app */;
			productType = "com.apple.product-type.application";
		};
/* End PBXNativeTarget section */

/* Begin PBXProject section */
		1B50779821ED29A800B6C93F /* Project object */ = {
			isa = PBXProject;
			attributes = {
				LastSwiftUpdateCheck = 1010;
				LastUpgradeCheck = 1010;
				ORGANIZATIONNAME = "Michael Flowers";
				TargetAttributes = {
					1B50779F21ED29A800B6C93F = {
						CreatedOnToolsVersion = 10.1;
					};
				};
			};
			buildConfigurationList = 1B50779B21ED29A800B6C93F /* Build configuration list for PBXProject "artGallery" */;
			compatibilityVersion = "Xcode 9.3";
			developmentRegion = en;
			hasScannedForEncodings = 0;
			knownRegions = (
				en,
				Base,
			);
			mainGroup = 1B50779721ED29A800B6C93F;
			productRefGroup = 1B5077A121ED29A800B6C93F /* Products */;
			projectDirPath = "";
			projectRoot = "";
			targets = (
				1B50779F21ED29A800B6C93F /* artGallery */,
			);
		};
/* End PBXProject section */

/* Begin PBXResourcesBuildPhase section */
		1B50779E21ED29A800B6C93F /* Resources */ = {
			isa = PBXResourcesBuildPhase;
			buildActionMask = 2147483647;
			files = (
				1B5077AE21ED29A900B6C93F /* LaunchScreen.storyboard in Resources */,
				1B5077AB21ED29A800B6C93F /* Assets.xcassets in Resources */,
				1B5077A921ED29A800B6C93F /* Main.storyboard in Resources */,
			);
			runOnlyForDeploymentPostprocessing = 0;
		};
/* End PBXResourcesBuildPhase section */

/* Begin PBXSourcesBuildPhase section */
		1B50779C21ED29A800B6C93F /* Sources */ = {
			isa = PBXSourcesBuildPhase;
			buildActionMask = 2147483647;
			files = (
				1B5077A421ED29A800B6C93F /* AppDelegate.swift in Sources */,
				1B5077BA21ED2B5200B6C93F /* Painting.swift in Sources */,
				1B5077B621ED2B2000B6C93F /* PaintingViewController.swift in Sources */,
				1B5077C021ED2BFB00B6C93F /* PaintingModel.swift in Sources */,
				1B5077B821ED2B3700B6C93F /* PaintingTableViewCell.swift in Sources */,
			);
			runOnlyForDeploymentPostprocessing = 0;
		};
/* End PBXSourcesBuildPhase section */

/* Begin PBXVariantGroup section */
		1B5077A721ED29A800B6C93F /* Main.storyboard */ = {
			isa = PBXVariantGroup;
			children = (
				1B5077A821ED29A800B6C93F /* Base */,
			);
			name = Main.storyboard;
			sourceTree = "<group>";
		};
		1B5077AC21ED29A900B6C93F /* LaunchScreen.storyboard */ = {
			isa = PBXVariantGroup;
			children = (
				1B5077AD21ED29A900B6C93F /* Base */,
			);
			name = LaunchScreen.storyboard;
			sourceTree = "<group>";
		};
/* End PBXVariantGroup section */

/* Begin XCBuildConfiguration section */
		1B5077B021ED29A900B6C93F /* Debug */ = {
			isa = XCBuildConfiguration;
			buildSettings = {
				ALWAYS_SEARCH_USER_PATHS = NO;
				CLANG_ANALYZER_NONNULL = YES;
				CLANG_ANALYZER_NUMBER_OBJECT_CONVERSION = YES_AGGRESSIVE;
				CLANG_CXX_LANGUAGE_STANDARD = "gnu++14";
				CLANG_CXX_LIBRARY = "libc++";
				CLANG_ENABLE_MODULES = YES;
				CLANG_ENABLE_OBJC_ARC = YES;
				CLANG_ENABLE_OBJC_WEAK = YES;
				CLANG_WARN_BLOCK_CAPTURE_AUTORELEASING = YES;
				CLANG_WARN_BOOL_CONVERSION = YES;
				CLANG_WARN_COMMA = YES;
				CLANG_WARN_CONSTANT_CONVERSION = YES;
				CLANG_WARN_DEPRECATED_OBJC_IMPLEMENTATIONS = YES;
				CLANG_WARN_DIRECT_OBJC_ISA_USAGE = YES_ERROR;
				CLANG_WARN_DOCUMENTATION_COMMENTS = YES;
				CLANG_WARN_EMPTY_BODY = YES;
				CLANG_WARN_ENUM_CONVERSION = YES;
				CLANG_WARN_INFINITE_RECURSION = YES;
				CLANG_WARN_INT_CONVERSION = YES;
				CLANG_WARN_NON_LITERAL_NULL_CONVERSION = YES;
				CLANG_WARN_OBJC_IMPLICIT_RETAIN_SELF = YES;
				CLANG_WARN_OBJC_LITERAL_CONVERSION = YES;
				CLANG_WARN_OBJC_ROOT_CLASS = YES_ERROR;
				CLANG_WARN_RANGE_LOOP_ANALYSIS = YES;
				CLANG_WARN_STRICT_PROTOTYPES = YES;
				CLANG_WARN_SUSPICIOUS_MOVE = YES;
				CLANG_WARN_UNGUARDED_AVAILABILITY = YES_AGGRESSIVE;
				CLANG_WARN_UNREACHABLE_CODE = YES;
				CLANG_WARN__DUPLICATE_METHOD_MATCH = YES;
				CODE_SIGN_IDENTITY = "iPhone Developer";
				COPY_PHASE_STRIP = NO;
				DEBUG_INFORMATION_FORMAT = dwarf;
				ENABLE_STRICT_OBJC_MSGSEND = YES;
				ENABLE_TESTABILITY = YES;
				GCC_C_LANGUAGE_STANDARD = gnu11;
				GCC_DYNAMIC_NO_PIC = NO;
				GCC_NO_COMMON_BLOCKS = YES;
				GCC_OPTIMIZATION_LEVEL = 0;
				GCC_PREPROCESSOR_DEFINITIONS = (
					"DEBUG=1",
					"$(inherited)",
				);
				GCC_WARN_64_TO_32_BIT_CONVERSION = YES;
				GCC_WARN_ABOUT_RETURN_TYPE = YES_ERROR;
				GCC_WARN_UNDECLARED_SELECTOR = YES;
				GCC_WARN_UNINITIALIZED_AUTOS = YES_AGGRESSIVE;
				GCC_WARN_UNUSED_FUNCTION = YES;
				GCC_WARN_UNUSED_VARIABLE = YES;
				IPHONEOS_DEPLOYMENT_TARGET = 12.1;
				MTL_ENABLE_DEBUG_INFO = INCLUDE_SOURCE;
				MTL_FAST_MATH = YES;
				ONLY_ACTIVE_ARCH = YES;
				SDKROOT = iphoneos;
				SWIFT_ACTIVE_COMPILATION_CONDITIONS = DEBUG;
				SWIFT_OPTIMIZATION_LEVEL = "-Onone";
			};
			name = Debug;
		};
		1B5077B121ED29A900B6C93F /* Release */ = {
			isa = XCBuildConfiguration;
			buildSettings = {
				ALWAYS_SEARCH_USER_PATHS = NO;
				CLANG_ANALYZER_NONNULL = YES;
				CLANG_ANALYZER_NUMBER_OBJECT_CONVERSION = YES_AGGRESSIVE;
				CLANG_CXX_LANGUAGE_STANDARD = "gnu++14";
				CLANG_CXX_LIBRARY = "libc++";
				CLANG_ENABLE_MODULES = YES;
				CLANG_ENABLE_OBJC_ARC = YES;
				CLANG_ENABLE_OBJC_WEAK = YES;
				CLANG_WARN_BLOCK_CAPTURE_AUTORELEASING = YES;
				CLANG_WARN_BOOL_CONVERSION = YES;
				CLANG_WARN_COMMA = YES;
				CLANG_WARN_CONSTANT_CONVERSION = YES;
				CLANG_WARN_DEPRECATED_OBJC_IMPLEMENTATIONS = YES;
				CLANG_WARN_DIRECT_OBJC_ISA_USAGE = YES_ERROR;
				CLANG_WARN_DOCUMENTATION_COMMENTS = YES;
				CLANG_WARN_EMPTY_BODY = YES;
				CLANG_WARN_ENUM_CONVERSION = YES;
				CLANG_WARN_INFINITE_RECURSION = YES;
				CLANG_WARN_INT_CONVERSION = YES;
				CLANG_WARN_NON_LITERAL_NULL_CONVERSION = YES;
				CLANG_WARN_OBJC_IMPLICIT_RETAIN_SELF = YES;
				CLANG_WARN_OBJC_LITERAL_CONVERSION = YES;
				CLANG_WARN_OBJC_ROOT_CLASS = YES_ERROR;
				CLANG_WARN_RANGE_LOOP_ANALYSIS = YES;
				CLANG_WARN_STRICT_PROTOTYPES = YES;
				CLANG_WARN_SUSPICIOUS_MOVE = YES;
				CLANG_WARN_UNGUARDED_AVAILABILITY = YES_AGGRESSIVE;
				CLANG_WARN_UNREACHABLE_CODE = YES;
				CLANG_WARN__DUPLICATE_METHOD_MATCH = YES;
				CODE_SIGN_IDENTITY = "iPhone Developer";
				COPY_PHASE_STRIP = NO;
				DEBUG_INFORMATION_FORMAT = "dwarf-with-dsym";
				ENABLE_NS_ASSERTIONS = NO;
				ENABLE_STRICT_OBJC_MSGSEND = YES;
				GCC_C_LANGUAGE_STANDARD = gnu11;
				GCC_NO_COMMON_BLOCKS = YES;
				GCC_WARN_64_TO_32_BIT_CONVERSION = YES;
				GCC_WARN_ABOUT_RETURN_TYPE = YES_ERROR;
				GCC_WARN_UNDECLARED_SELECTOR = YES;
				GCC_WARN_UNINITIALIZED_AUTOS = YES_AGGRESSIVE;
				GCC_WARN_UNUSED_FUNCTION = YES;
				GCC_WARN_UNUSED_VARIABLE = YES;
				IPHONEOS_DEPLOYMENT_TARGET = 12.1;
				MTL_ENABLE_DEBUG_INFO = NO;
				MTL_FAST_MATH = YES;
				SDKROOT = iphoneos;
				SWIFT_COMPILATION_MODE = wholemodule;
				SWIFT_OPTIMIZATION_LEVEL = "-O";
				VALIDATE_PRODUCT = YES;
			};
			name = Release;
		};
		1B5077B321ED29A900B6C93F /* Debug */ = {
			isa = XCBuildConfiguration;
			buildSettings = {
				ASSETCATALOG_COMPILER_APPICON_NAME = AppIcon;
				CODE_SIGN_STYLE = Automatic;
				DEVELOPMENT_TEAM = X4W7EQ4E4R;
				INFOPLIST_FILE = "$(SRCROOT)/Info.plist";
				LD_RUNPATH_SEARCH_PATHS = (
					"$(inherited)",
					"@executable_path/Frameworks",
				);
				PRODUCT_BUNDLE_IDENTIFIER = flowers.artGallery;
				PRODUCT_NAME = "$(TARGET_NAME)";
				SWIFT_VERSION = 4.2;
				TARGETED_DEVICE_FAMILY = "1,2";
			};
			name = Debug;
		};
		1B5077B421ED29A900B6C93F /* Release */ = {
			isa = XCBuildConfiguration;
			buildSettings = {
				ASSETCATALOG_COMPILER_APPICON_NAME = AppIcon;
				CODE_SIGN_STYLE = Automatic;
				DEVELOPMENT_TEAM = X4W7EQ4E4R;
				INFOPLIST_FILE = "$(SRCROOT)/Info.plist";
				LD_RUNPATH_SEARCH_PATHS = (
					"$(inherited)",
					"@executable_path/Frameworks",
				);
				PRODUCT_BUNDLE_IDENTIFIER = flowers.artGallery;
				PRODUCT_NAME = "$(TARGET_NAME)";
				SWIFT_VERSION = 4.2;
				TARGETED_DEVICE_FAMILY = "1,2";
			};
			name = Release;
		};
/* End XCBuildConfiguration section */

/* Begin XCConfigurationList section */
		1B50779B21ED29A800B6C93F /* Build configuration list for PBXProject "artGallery" */ = {
			isa = XCConfigurationList;
			buildConfigurations = (
				1B5077B021ED29A900B6C93F /* Debug */,
				1B5077B121ED29A900B6C93F /* Release */,
			);
			defaultConfigurationIsVisible = 0;
			defaultConfigurationName = Release;
		};
		1B5077B221ED29A900B6C93F /* Build configuration list for PBXNativeTarget "artGallery" */ = {
			isa = XCConfigurationList;
			buildConfigurations = (
				1B5077B321ED29A900B6C93F /* Debug */,
				1B5077B421ED29A900B6C93F /* Release */,
			);
			defaultConfigurationIsVisible = 0;
			defaultConfigurationName = Release;
		};
/* End XCConfigurationList section */
	};
	rootObject = 1B50779821ED29A800B6C93F /* Project object */;
}
