// !$*UTF8*$!
{
	archiveVersion = 1;
	classes = {
	};
	objectVersion = 50;
	objects = {

/* Begin PBXBuildFile section */
		8F6769A52278F261004C5CC7 /* AppDelegate.swift in Sources */ = {isa = PBXBuildFile; fileRef = 8F6769A42278F261004C5CC7 /* AppDelegate.swift */; };
		8F6769A72278F261004C5CC7 /* PaintingViewController.swift in Sources */ = {isa = PBXBuildFile; fileRef = 8F6769A62278F261004C5CC7 /* PaintingViewController.swift */; };
		8F6769AA2278F261004C5CC7 /* Main.storyboard in Resources */ = {isa = PBXBuildFile; fileRef = 8F6769A82278F261004C5CC7 /* Main.storyboard */; };
		8F6769AC2278F261004C5CC7 /* Assets.xcassets in Resources */ = {isa = PBXBuildFile; fileRef = 8F6769AB2278F261004C5CC7 /* Assets.xcassets */; };
		8F6769AF2278F261004C5CC7 /* LaunchScreen.storyboard in Resources */ = {isa = PBXBuildFile; fileRef = 8F6769AD2278F261004C5CC7 /* LaunchScreen.storyboard */; };
		8F6769B72278F491004C5CC7 /* PaintingTableViewCell.swift in Sources */ = {isa = PBXBuildFile; fileRef = 8F6769B62278F491004C5CC7 /* PaintingTableViewCell.swift */; };
		8F6769B92278F585004C5CC7 /* Painting.swift in Sources */ = {isa = PBXBuildFile; fileRef = 8F6769B82278F585004C5CC7 /* Painting.swift */; };
		8F6769BB2278F5C0004C5CC7 /* PaintingTableViewCellDelegate.swift in Sources */ = {isa = PBXBuildFile; fileRef = 8F6769BA2278F5C0004C5CC7 /* PaintingTableViewCellDelegate.swift */; };
		8F6769BD2278F5E4004C5CC7 /* PaintingModel.swift in Sources */ = {isa = PBXBuildFile; fileRef = 8F6769BC2278F5E4004C5CC7 /* PaintingModel.swift */; };
		8F6769C522790BF7004C5CC7 /* DetailViewController.swift in Sources */ = {isa = PBXBuildFile; fileRef = 8F6769C422790BF7004C5CC7 /* DetailViewController.swift */; };
/* End PBXBuildFile section */

/* Begin PBXFileReference section */
		8F6769A12278F261004C5CC7 /* Art-Gallery.app */ = {isa = PBXFileReference; explicitFileType = wrapper.application; includeInIndex = 0; path = "Art-Gallery.app"; sourceTree = BUILT_PRODUCTS_DIR; };
		8F6769A42278F261004C5CC7 /* AppDelegate.swift */ = {isa = PBXFileReference; lastKnownFileType = sourcecode.swift; path = AppDelegate.swift; sourceTree = "<group>"; };
		8F6769A62278F261004C5CC7 /* PaintingViewController.swift */ = {isa = PBXFileReference; lastKnownFileType = sourcecode.swift; path = PaintingViewController.swift; sourceTree = "<group>"; };
		8F6769A92278F261004C5CC7 /* Base */ = {isa = PBXFileReference; lastKnownFileType = file.storyboard; name = Base; path = Base.lproj/Main.storyboard; sourceTree = "<group>"; };
		8F6769AB2278F261004C5CC7 /* Assets.xcassets */ = {isa = PBXFileReference; lastKnownFileType = folder.assetcatalog; path = Assets.xcassets; sourceTree = "<group>"; };
		8F6769AE2278F261004C5CC7 /* Base */ = {isa = PBXFileReference; lastKnownFileType = file.storyboard; name = Base; path = Base.lproj/LaunchScreen.storyboard; sourceTree = "<group>"; };
		8F6769B02278F261004C5CC7 /* Info.plist */ = {isa = PBXFileReference; lastKnownFileType = text.plist.xml; path = Info.plist; sourceTree = "<group>"; };
		8F6769B62278F491004C5CC7 /* PaintingTableViewCell.swift */ = {isa = PBXFileReference; lastKnownFileType = sourcecode.swift; path = PaintingTableViewCell.swift; sourceTree = "<group>"; };
		8F6769B82278F585004C5CC7 /* Painting.swift */ = {isa = PBXFileReference; lastKnownFileType = sourcecode.swift; path = Painting.swift; sourceTree = "<group>"; };
		8F6769BA2278F5C0004C5CC7 /* PaintingTableViewCellDelegate.swift */ = {isa = PBXFileReference; lastKnownFileType = sourcecode.swift; path = PaintingTableViewCellDelegate.swift; sourceTree = "<group>"; };
		8F6769BC2278F5E4004C5CC7 /* PaintingModel.swift */ = {isa = PBXFileReference; lastKnownFileType = sourcecode.swift; path = PaintingModel.swift; sourceTree = "<group>"; };
		8F6769C422790BF7004C5CC7 /* DetailViewController.swift */ = {isa = PBXFileReference; lastKnownFileType = sourcecode.swift; path = DetailViewController.swift; sourceTree = "<group>"; };
/* End PBXFileReference section */

/* Begin PBXFrameworksBuildPhase section */
		8F67699E2278F261004C5CC7 /* Frameworks */ = {
			isa = PBXFrameworksBuildPhase;
			buildActionMask = 2147483647;
			files = (
			);
			runOnlyForDeploymentPostprocessing = 0;
		};
/* End PBXFrameworksBuildPhase section */

/* Begin PBXGroup section */
		8F6769982278F261004C5CC7 = {
			isa = PBXGroup;
			children = (
				8F6769A32278F261004C5CC7 /* Art-Gallery */,
				8F6769A22278F261004C5CC7 /* Products */,
			);
			sourceTree = "<group>";
		};
		8F6769A22278F261004C5CC7 /* Products */ = {
			isa = PBXGroup;
			children = (
				8F6769A12278F261004C5CC7 /* Art-Gallery.app */,
			);
			name = Products;
			sourceTree = "<group>";
		};
		8F6769A32278F261004C5CC7 /* Art-Gallery */ = {
			isa = PBXGroup;
			children = (
				8F6769C322790A2A004C5CC7 /* Resources */,
				8F6769C1227909E2004C5CC7 /* View Controllers */,
				8F6769C222790A0F004C5CC7 /* Storyboards */,
				8F6769C0227909D3004C5CC7 /* View */,
				8F6769BF227909BD004C5CC7 /* Model */,
				8F6769BA2278F5C0004C5CC7 /* PaintingTableViewCellDelegate.swift */,
				8F6769BE227909A6004C5CC7 /* Model Controllers */,
			);
			path = "Art-Gallery";
			sourceTree = "<group>";
		};
		8F6769BE227909A6004C5CC7 /* Model Controllers */ = {
			isa = PBXGroup;
			children = (
				8F6769BC2278F5E4004C5CC7 /* PaintingModel.swift */,
			);
			path = "Model Controllers";
			sourceTree = "<group>";
		};
		8F6769BF227909BD004C5CC7 /* Model */ = {
			isa = PBXGroup;
			children = (
				8F6769B82278F585004C5CC7 /* Painting.swift */,
			);
			path = Model;
			sourceTree = "<group>";
		};
		8F6769C0227909D3004C5CC7 /* View */ = {
			isa = PBXGroup;
			children = (
				8F6769B62278F491004C5CC7 /* PaintingTableViewCell.swift */,
			);
			path = View;
			sourceTree = "<group>";
		};
		8F6769C1227909E2004C5CC7 /* View Controllers */ = {
			isa = PBXGroup;
			children = (
				8F6769A62278F261004C5CC7 /* PaintingViewController.swift */,
				8F6769C422790BF7004C5CC7 /* DetailViewController.swift */,
			);
			path = "View Controllers";
			sourceTree = "<group>";
		};
		8F6769C222790A0F004C5CC7 /* Storyboards */ = {
			isa = PBXGroup;
			children = (
				8F6769A82278F261004C5CC7 /* Main.storyboard */,
				8F6769AD2278F261004C5CC7 /* LaunchScreen.storyboard */,
			);
			path = Storyboards;
			sourceTree = "<group>";
		};
		8F6769C322790A2A004C5CC7 /* Resources */ = {
			isa = PBXGroup;
			children = (
				8F6769A42278F261004C5CC7 /* AppDelegate.swift */,
				8F6769AB2278F261004C5CC7 /* Assets.xcassets */,
				8F6769B02278F261004C5CC7 /* Info.plist */,
			);
			path = Resources;
			sourceTree = "<group>";
		};
/* End PBXGroup section */

/* Begin PBXNativeTarget section */
		8F6769A02278F261004C5CC7 /* Art-Gallery */ = {
			isa = PBXNativeTarget;
			buildConfigurationList = 8F6769B32278F261004C5CC7 /* Build configuration list for PBXNativeTarget "Art-Gallery" */;
			buildPhases = (
				8F67699D2278F261004C5CC7 /* Sources */,
				8F67699E2278F261004C5CC7 /* Frameworks */,
				8F67699F2278F261004C5CC7 /* Resources */,
			);
			buildRules = (
			);
			dependencies = (
			);
			name = "Art-Gallery";
			productName = "Art-Gallery";
			productReference = 8F6769A12278F261004C5CC7 /* Art-Gallery.app */;
			productType = "com.apple.product-type.application";
		};
/* End PBXNativeTarget section */

/* Begin PBXProject section */
		8F6769992278F261004C5CC7 /* Project object */ = {
			isa = PBXProject;
			attributes = {
				LastSwiftUpdateCheck = 1020;
				LastUpgradeCheck = 1020;
				ORGANIZATIONNAME = "Bytes-Random L.L.C";
				TargetAttributes = {
					8F6769A02278F261004C5CC7 = {
						CreatedOnToolsVersion = 10.2.1;
					};
				};
			};
			buildConfigurationList = 8F67699C2278F261004C5CC7 /* Build configuration list for PBXProject "Art-Gallery" */;
			compatibilityVersion = "Xcode 9.3";
			developmentRegion = en;
			hasScannedForEncodings = 0;
			knownRegions = (
				en,
				Base,
			);
			mainGroup = 8F6769982278F261004C5CC7;
			productRefGroup = 8F6769A22278F261004C5CC7 /* Products */;
			projectDirPath = "";
			projectRoot = "";
			targets = (
				8F6769A02278F261004C5CC7 /* Art-Gallery */,
			);
		};
/* End PBXProject section */

/* Begin PBXResourcesBuildPhase section */
		8F67699F2278F261004C5CC7 /* Resources */ = {
			isa = PBXResourcesBuildPhase;
			buildActionMask = 2147483647;
			files = (
				8F6769AF2278F261004C5CC7 /* LaunchScreen.storyboard in Resources */,
				8F6769AC2278F261004C5CC7 /* Assets.xcassets in Resources */,
				8F6769AA2278F261004C5CC7 /* Main.storyboard in Resources */,
			);
			runOnlyForDeploymentPostprocessing = 0;
		};
/* End PBXResourcesBuildPhase section */

/* Begin PBXSourcesBuildPhase section */
		8F67699D2278F261004C5CC7 /* Sources */ = {
			isa = PBXSourcesBuildPhase;
			buildActionMask = 2147483647;
			files = (
				8F6769A72278F261004C5CC7 /* PaintingViewController.swift in Sources */,
				8F6769BD2278F5E4004C5CC7 /* PaintingModel.swift in Sources */,
				8F6769A52278F261004C5CC7 /* AppDelegate.swift in Sources */,
				8F6769B72278F491004C5CC7 /* PaintingTableViewCell.swift in Sources */,
				8F6769B92278F585004C5CC7 /* Painting.swift in Sources */,
				8F6769BB2278F5C0004C5CC7 /* PaintingTableViewCellDelegate.swift in Sources */,
				8F6769C522790BF7004C5CC7 /* DetailViewController.swift in Sources */,
			);
			runOnlyForDeploymentPostprocessing = 0;
		};
/* End PBXSourcesBuildPhase section */

/* Begin PBXVariantGroup section */
		8F6769A82278F261004C5CC7 /* Main.storyboard */ = {
			isa = PBXVariantGroup;
			children = (
				8F6769A92278F261004C5CC7 /* Base */,
			);
			name = Main.storyboard;
			sourceTree = "<group>";
		};
		8F6769AD2278F261004C5CC7 /* LaunchScreen.storyboard */ = {
			isa = PBXVariantGroup;
			children = (
				8F6769AE2278F261004C5CC7 /* Base */,
			);
			name = LaunchScreen.storyboard;
			sourceTree = "<group>";
		};
/* End PBXVariantGroup section */

/* Begin XCBuildConfiguration section */
		8F6769B12278F261004C5CC7 /* Debug */ = {
			isa = XCBuildConfiguration;
			buildSettings = {
				ALWAYS_SEARCH_USER_PATHS = NO;
				CLANG_ANALYZER_NONNULL = YES;
				CLANG_ANALYZER_NUMBER_OBJECT_CONVERSION = YES_AGGRESSIVE;
				CLANG_CXX_LANGUAGE_STANDARD = "gnu++14";
				CLANG_CXX_LIBRARY = "libc++";
				CLANG_ENABLE_MODULES = YES;
				CLANG_ENABLE_OBJC_ARC = YES;
				CLANG_ENABLE_OBJC_WEAK = YES;
				CLANG_WARN_BLOCK_CAPTURE_AUTORELEASING = YES;
				CLANG_WARN_BOOL_CONVERSION = YES;
				CLANG_WARN_COMMA = YES;
				CLANG_WARN_CONSTANT_CONVERSION = YES;
				CLANG_WARN_DEPRECATED_OBJC_IMPLEMENTATIONS = YES;
				CLANG_WARN_DIRECT_OBJC_ISA_USAGE = YES_ERROR;
				CLANG_WARN_DOCUMENTATION_COMMENTS = YES;
				CLANG_WARN_EMPTY_BODY = YES;
				CLANG_WARN_ENUM_CONVERSION = YES;
				CLANG_WARN_INFINITE_RECURSION = YES;
				CLANG_WARN_INT_CONVERSION = YES;
				CLANG_WARN_NON_LITERAL_NULL_CONVERSION = YES;
				CLANG_WARN_OBJC_IMPLICIT_RETAIN_SELF = YES;
				CLANG_WARN_OBJC_LITERAL_CONVERSION = YES;
				CLANG_WARN_OBJC_ROOT_CLASS = YES_ERROR;
				CLANG_WARN_RANGE_LOOP_ANALYSIS = YES;
				CLANG_WARN_STRICT_PROTOTYPES = YES;
				CLANG_WARN_SUSPICIOUS_MOVE = YES;
				CLANG_WARN_UNGUARDED_AVAILABILITY = YES_AGGRESSIVE;
				CLANG_WARN_UNREACHABLE_CODE = YES;
				CLANG_WARN__DUPLICATE_METHOD_MATCH = YES;
				CODE_SIGN_IDENTITY = "iPhone Developer";
				COPY_PHASE_STRIP = NO;
				DEBUG_INFORMATION_FORMAT = dwarf;
				ENABLE_STRICT_OBJC_MSGSEND = YES;
				ENABLE_TESTABILITY = YES;
				GCC_C_LANGUAGE_STANDARD = gnu11;
				GCC_DYNAMIC_NO_PIC = NO;
				GCC_NO_COMMON_BLOCKS = YES;
				GCC_OPTIMIZATION_LEVEL = 0;
				GCC_PREPROCESSOR_DEFINITIONS = (
					"DEBUG=1",
					"$(inherited)",
				);
				GCC_WARN_64_TO_32_BIT_CONVERSION = YES;
				GCC_WARN_ABOUT_RETURN_TYPE = YES_ERROR;
				GCC_WARN_UNDECLARED_SELECTOR = YES;
				GCC_WARN_UNINITIALIZED_AUTOS = YES_AGGRESSIVE;
				GCC_WARN_UNUSED_FUNCTION = YES;
				GCC_WARN_UNUSED_VARIABLE = YES;
				IPHONEOS_DEPLOYMENT_TARGET = 12.2;
				MTL_ENABLE_DEBUG_INFO = INCLUDE_SOURCE;
				MTL_FAST_MATH = YES;
				ONLY_ACTIVE_ARCH = YES;
				SDKROOT = iphoneos;
				SWIFT_ACTIVE_COMPILATION_CONDITIONS = DEBUG;
				SWIFT_OPTIMIZATION_LEVEL = "-Onone";
			};
			name = Debug;
		};
		8F6769B22278F261004C5CC7 /* Release */ = {
			isa = XCBuildConfiguration;
			buildSettings = {
				ALWAYS_SEARCH_USER_PATHS = NO;
				CLANG_ANALYZER_NONNULL = YES;
				CLANG_ANALYZER_NUMBER_OBJECT_CONVERSION = YES_AGGRESSIVE;
				CLANG_CXX_LANGUAGE_STANDARD = "gnu++14";
				CLANG_CXX_LIBRARY = "libc++";
				CLANG_ENABLE_MODULES = YES;
				CLANG_ENABLE_OBJC_ARC = YES;
				CLANG_ENABLE_OBJC_WEAK = YES;
				CLANG_WARN_BLOCK_CAPTURE_AUTORELEASING = YES;
				CLANG_WARN_BOOL_CONVERSION = YES;
				CLANG_WARN_COMMA = YES;
				CLANG_WARN_CONSTANT_CONVERSION = YES;
				CLANG_WARN_DEPRECATED_OBJC_IMPLEMENTATIONS = YES;
				CLANG_WARN_DIRECT_OBJC_ISA_USAGE = YES_ERROR;
				CLANG_WARN_DOCUMENTATION_COMMENTS = YES;
				CLANG_WARN_EMPTY_BODY = YES;
				CLANG_WARN_ENUM_CONVERSION = YES;
				CLANG_WARN_INFINITE_RECURSION = YES;
				CLANG_WARN_INT_CONVERSION = YES;
				CLANG_WARN_NON_LITERAL_NULL_CONVERSION = YES;
				CLANG_WARN_OBJC_IMPLICIT_RETAIN_SELF = YES;
				CLANG_WARN_OBJC_LITERAL_CONVERSION = YES;
				CLANG_WARN_OBJC_ROOT_CLASS = YES_ERROR;
				CLANG_WARN_RANGE_LOOP_ANALYSIS = YES;
				CLANG_WARN_STRICT_PROTOTYPES = YES;
				CLANG_WARN_SUSPICIOUS_MOVE = YES;
				CLANG_WARN_UNGUARDED_AVAILABILITY = YES_AGGRESSIVE;
				CLANG_WARN_UNREACHABLE_CODE = YES;
				CLANG_WARN__DUPLICATE_METHOD_MATCH = YES;
				CODE_SIGN_IDENTITY = "iPhone Developer";
				COPY_PHASE_STRIP = NO;
				DEBUG_INFORMATION_FORMAT = "dwarf-with-dsym";
				ENABLE_NS_ASSERTIONS = NO;
				ENABLE_STRICT_OBJC_MSGSEND = YES;
				GCC_C_LANGUAGE_STANDARD = gnu11;
				GCC_NO_COMMON_BLOCKS = YES;
				GCC_WARN_64_TO_32_BIT_CONVERSION = YES;
				GCC_WARN_ABOUT_RETURN_TYPE = YES_ERROR;
				GCC_WARN_UNDECLARED_SELECTOR = YES;
				GCC_WARN_UNINITIALIZED_AUTOS = YES_AGGRESSIVE;
				GCC_WARN_UNUSED_FUNCTION = YES;
				GCC_WARN_UNUSED_VARIABLE = YES;
				IPHONEOS_DEPLOYMENT_TARGET = 12.2;
				MTL_ENABLE_DEBUG_INFO = NO;
				MTL_FAST_MATH = YES;
				SDKROOT = iphoneos;
				SWIFT_COMPILATION_MODE = wholemodule;
				SWIFT_OPTIMIZATION_LEVEL = "-O";
				VALIDATE_PRODUCT = YES;
			};
			name = Release;
		};
		8F6769B42278F261004C5CC7 /* Debug */ = {
			isa = XCBuildConfiguration;
			buildSettings = {
				ASSETCATALOG_COMPILER_APPICON_NAME = AppIcon;
				CODE_SIGN_STYLE = Automatic;
				DEVELOPMENT_TEAM = H5MJHNUR7S;
				INFOPLIST_FILE = "$(SRCROOT)/Art-Gallery/Resources/Info.plist";
				LD_RUNPATH_SEARCH_PATHS = (
					"$(inherited)",
					"@executable_path/Frameworks",
				);
				PRODUCT_BUNDLE_IDENTIFIER = "com.bytes-random.Art-Gallery";
				PRODUCT_NAME = "$(TARGET_NAME)";
				SWIFT_VERSION = 5.0;
				TARGETED_DEVICE_FAMILY = "1,2";
			};
			name = Debug;
		};
		8F6769B52278F261004C5CC7 /* Release */ = {
			isa = XCBuildConfiguration;
			buildSettings = {
				ASSETCATALOG_COMPILER_APPICON_NAME = AppIcon;
				CODE_SIGN_STYLE = Automatic;
				DEVELOPMENT_TEAM = H5MJHNUR7S;
				INFOPLIST_FILE = "$(SRCROOT)/Art-Gallery/Resources/Info.plist";
				LD_RUNPATH_SEARCH_PATHS = (
					"$(inherited)",
					"@executable_path/Frameworks",
				);
				PRODUCT_BUNDLE_IDENTIFIER = "com.bytes-random.Art-Gallery";
				PRODUCT_NAME = "$(TARGET_NAME)";
				SWIFT_VERSION = 5.0;
				TARGETED_DEVICE_FAMILY = "1,2";
			};
			name = Release;
		};
/* End XCBuildConfiguration section */

/* Begin XCConfigurationList section */
		8F67699C2278F261004C5CC7 /* Build configuration list for PBXProject "Art-Gallery" */ = {
			isa = XCConfigurationList;
			buildConfigurations = (
				8F6769B12278F261004C5CC7 /* Debug */,
				8F6769B22278F261004C5CC7 /* Release */,
			);
			defaultConfigurationIsVisible = 0;
			defaultConfigurationName = Release;
		};
		8F6769B32278F261004C5CC7 /* Build configuration list for PBXNativeTarget "Art-Gallery" */ = {
			isa = XCConfigurationList;
			buildConfigurations = (
				8F6769B42278F261004C5CC7 /* Debug */,
				8F6769B52278F261004C5CC7 /* Release */,
			);
			defaultConfigurationIsVisible = 0;
			defaultConfigurationName = Release;
		};
/* End XCConfigurationList section */
	};
	rootObject = 8F6769992278F261004C5CC7 /* Project object */;
}
