// !$*UTF8*$!
{
	archiveVersion = 1;
	classes = {
	};
	objectVersion = 50;
	objects = {

/* Begin PBXBuildFile section */
		F31D9BE6219A1E9700DE90E1 /* AppDelegate.swift in Sources */ = {isa = PBXBuildFile; fileRef = F31D9BE5219A1E9700DE90E1 /* AppDelegate.swift */; };
		F31D9BE8219A1E9700DE90E1 /* PaintingViewController.swift in Sources */ = {isa = PBXBuildFile; fileRef = F31D9BE7219A1E9700DE90E1 /* PaintingViewController.swift */; };
		F31D9BEB219A1E9700DE90E1 /* Main.storyboard in Resources */ = {isa = PBXBuildFile; fileRef = F31D9BE9219A1E9700DE90E1 /* Main.storyboard */; };
		F31D9BED219A1E9700DE90E1 /* Assets.xcassets in Resources */ = {isa = PBXBuildFile; fileRef = F31D9BEC219A1E9700DE90E1 /* Assets.xcassets */; };
		F31D9BF0219A1E9700DE90E1 /* LaunchScreen.storyboard in Resources */ = {isa = PBXBuildFile; fileRef = F31D9BEE219A1E9700DE90E1 /* LaunchScreen.storyboard */; };
		F31D9BFC219A28A300DE90E1 /* Painting.swift in Sources */ = {isa = PBXBuildFile; fileRef = F31D9BFB219A28A300DE90E1 /* Painting.swift */; };
		F31D9BFE219A28AE00DE90E1 /* PaintingTableViewCellDelegate.swift in Sources */ = {isa = PBXBuildFile; fileRef = F31D9BFD219A28AE00DE90E1 /* PaintingTableViewCellDelegate.swift */; };
		F31D9C00219A28BF00DE90E1 /* PaintingModel.swift in Sources */ = {isa = PBXBuildFile; fileRef = F31D9BFF219A28BF00DE90E1 /* PaintingModel.swift */; };
/* End PBXBuildFile section */

/* Begin PBXFileReference section */
		F31D9BE2219A1E9700DE90E1 /* Art-Gallery Project.app */ = {isa = PBXFileReference; explicitFileType = wrapper.application; includeInIndex = 0; path = "Art-Gallery Project.app"; sourceTree = BUILT_PRODUCTS_DIR; };
		F31D9BE5219A1E9700DE90E1 /* AppDelegate.swift */ = {isa = PBXFileReference; lastKnownFileType = sourcecode.swift; path = AppDelegate.swift; sourceTree = "<group>"; };
		F31D9BE7219A1E9700DE90E1 /* PaintingViewController.swift */ = {isa = PBXFileReference; lastKnownFileType = sourcecode.swift; path = PaintingViewController.swift; sourceTree = "<group>"; };
		F31D9BEA219A1E9700DE90E1 /* Base */ = {isa = PBXFileReference; lastKnownFileType = file.storyboard; name = Base; path = Base.lproj/Main.storyboard; sourceTree = "<group>"; };
		F31D9BEC219A1E9700DE90E1 /* Assets.xcassets */ = {isa = PBXFileReference; lastKnownFileType = folder.assetcatalog; path = Assets.xcassets; sourceTree = "<group>"; };
		F31D9BEF219A1E9700DE90E1 /* Base */ = {isa = PBXFileReference; lastKnownFileType = file.storyboard; name = Base; path = Base.lproj/LaunchScreen.storyboard; sourceTree = "<group>"; };
		F31D9BF1219A1E9700DE90E1 /* Info.plist */ = {isa = PBXFileReference; lastKnownFileType = text.plist.xml; path = Info.plist; sourceTree = "<group>"; };
		F31D9BFB219A28A300DE90E1 /* Painting.swift */ = {isa = PBXFileReference; lastKnownFileType = sourcecode.swift; path = Painting.swift; sourceTree = "<group>"; };
		F31D9BFD219A28AE00DE90E1 /* PaintingTableViewCellDelegate.swift */ = {isa = PBXFileReference; lastKnownFileType = sourcecode.swift; path = PaintingTableViewCellDelegate.swift; sourceTree = "<group>"; };
		F31D9BFF219A28BF00DE90E1 /* PaintingModel.swift */ = {isa = PBXFileReference; lastKnownFileType = sourcecode.swift; path = PaintingModel.swift; sourceTree = "<group>"; };
/* End PBXFileReference section */

/* Begin PBXFrameworksBuildPhase section */
		F31D9BDF219A1E9700DE90E1 /* Frameworks */ = {
			isa = PBXFrameworksBuildPhase;
			buildActionMask = 2147483647;
			files = (
			);
			runOnlyForDeploymentPostprocessing = 0;
		};
/* End PBXFrameworksBuildPhase section */

/* Begin PBXGroup section */
		F31D9BD9219A1E9700DE90E1 = {
			isa = PBXGroup;
			children = (
				F31D9BE4219A1E9700DE90E1 /* Art-Gallery Project */,
				F31D9BE3219A1E9700DE90E1 /* Products */,
			);
			sourceTree = "<group>";
		};
		F31D9BE3219A1E9700DE90E1 /* Products */ = {
			isa = PBXGroup;
			children = (
				F31D9BE2219A1E9700DE90E1 /* Art-Gallery Project.app */,
			);
			name = Products;
			sourceTree = "<group>";
		};
		F31D9BE4219A1E9700DE90E1 /* Art-Gallery Project */ = {
			isa = PBXGroup;
			children = (
				F31D9BE5219A1E9700DE90E1 /* AppDelegate.swift */,
				F31D9BE7219A1E9700DE90E1 /* PaintingViewController.swift */,
				F31D9BFB219A28A300DE90E1 /* Painting.swift */,
				F31D9BFD219A28AE00DE90E1 /* PaintingTableViewCellDelegate.swift */,
				F31D9BFF219A28BF00DE90E1 /* PaintingModel.swift */,
				F31D9BE9219A1E9700DE90E1 /* Main.storyboard */,
				F31D9BEC219A1E9700DE90E1 /* Assets.xcassets */,
				F31D9BEE219A1E9700DE90E1 /* LaunchScreen.storyboard */,
				F31D9BF1219A1E9700DE90E1 /* Info.plist */,
			);
			path = "Art-Gallery Project";
			sourceTree = "<group>";
		};
/* End PBXGroup section */

/* Begin PBXNativeTarget section */
		F31D9BE1219A1E9700DE90E1 /* Art-Gallery Project */ = {
			isa = PBXNativeTarget;
			buildConfigurationList = F31D9BF4219A1E9700DE90E1 /* Build configuration list for PBXNativeTarget "Art-Gallery Project" */;
			buildPhases = (
				F31D9BDE219A1E9700DE90E1 /* Sources */,
				F31D9BDF219A1E9700DE90E1 /* Frameworks */,
				F31D9BE0219A1E9700DE90E1 /* Resources */,
			);
			buildRules = (
			);
			dependencies = (
			);
			name = "Art-Gallery Project";
			productName = "Art-Gallery Project";
			productReference = F31D9BE2219A1E9700DE90E1 /* Art-Gallery Project.app */;
			productType = "com.apple.product-type.application";
		};
/* End PBXNativeTarget section */

/* Begin PBXProject section */
		F31D9BDA219A1E9700DE90E1 /* Project object */ = {
			isa = PBXProject;
			attributes = {
				LastSwiftUpdateCheck = 1010;
				LastUpgradeCheck = 1010;
				ORGANIZATIONNAME = "Meera Andersen";
				TargetAttributes = {
					F31D9BE1219A1E9700DE90E1 = {
						CreatedOnToolsVersion = 10.1;
					};
				};
			};
			buildConfigurationList = F31D9BDD219A1E9700DE90E1 /* Build configuration list for PBXProject "Art-Gallery Project" */;
			compatibilityVersion = "Xcode 9.3";
			developmentRegion = en;
			hasScannedForEncodings = 0;
			knownRegions = (
				en,
				Base,
			);
			mainGroup = F31D9BD9219A1E9700DE90E1;
			productRefGroup = F31D9BE3219A1E9700DE90E1 /* Products */;
			projectDirPath = "";
			projectRoot = "";
			targets = (
				F31D9BE1219A1E9700DE90E1 /* Art-Gallery Project */,
			);
		};
/* End PBXProject section */

/* Begin PBXResourcesBuildPhase section */
		F31D9BE0219A1E9700DE90E1 /* Resources */ = {
			isa = PBXResourcesBuildPhase;
			buildActionMask = 2147483647;
			files = (
				F31D9BF0219A1E9700DE90E1 /* LaunchScreen.storyboard in Resources */,
				F31D9BED219A1E9700DE90E1 /* Assets.xcassets in Resources */,
				F31D9BEB219A1E9700DE90E1 /* Main.storyboard in Resources */,
			);
			runOnlyForDeploymentPostprocessing = 0;
		};
/* End PBXResourcesBuildPhase section */

/* Begin PBXSourcesBuildPhase section */
		F31D9BDE219A1E9700DE90E1 /* Sources */ = {
			isa = PBXSourcesBuildPhase;
			buildActionMask = 2147483647;
			files = (
				F31D9BFC219A28A300DE90E1 /* Painting.swift in Sources */,
				F31D9BE8219A1E9700DE90E1 /* PaintingViewController.swift in Sources */,
				F31D9BFE219A28AE00DE90E1 /* PaintingTableViewCellDelegate.swift in Sources */,
				F31D9C00219A28BF00DE90E1 /* PaintingModel.swift in Sources */,
				F31D9BE6219A1E9700DE90E1 /* AppDelegate.swift in Sources */,
			);
			runOnlyForDeploymentPostprocessing = 0;
		};
/* End PBXSourcesBuildPhase section */

/* Begin PBXVariantGroup section */
		F31D9BE9219A1E9700DE90E1 /* Main.storyboard */ = {
			isa = PBXVariantGroup;
			children = (
				F31D9BEA219A1E9700DE90E1 /* Base */,
			);
			name = Main.storyboard;
			sourceTree = "<group>";
		};
		F31D9BEE219A1E9700DE90E1 /* LaunchScreen.storyboard */ = {
			isa = PBXVariantGroup;
			children = (
				F31D9BEF219A1E9700DE90E1 /* Base */,
			);
			name = LaunchScreen.storyboard;
			sourceTree = "<group>";
		};
/* End PBXVariantGroup section */

/* Begin XCBuildConfiguration section */
		F31D9BF2219A1E9700DE90E1 /* Debug */ = {
			isa = XCBuildConfiguration;
			buildSettings = {
				ALWAYS_SEARCH_USER_PATHS = NO;
				CLANG_ANALYZER_NONNULL = YES;
				CLANG_ANALYZER_NUMBER_OBJECT_CONVERSION = YES_AGGRESSIVE;
				CLANG_CXX_LANGUAGE_STANDARD = "gnu++14";
				CLANG_CXX_LIBRARY = "libc++";
				CLANG_ENABLE_MODULES = YES;
				CLANG_ENABLE_OBJC_ARC = YES;
				CLANG_ENABLE_OBJC_WEAK = YES;
				CLANG_WARN_BLOCK_CAPTURE_AUTORELEASING = YES;
				CLANG_WARN_BOOL_CONVERSION = YES;
				CLANG_WARN_COMMA = YES;
				CLANG_WARN_CONSTANT_CONVERSION = YES;
				CLANG_WARN_DEPRECATED_OBJC_IMPLEMENTATIONS = YES;
				CLANG_WARN_DIRECT_OBJC_ISA_USAGE = YES_ERROR;
				CLANG_WARN_DOCUMENTATION_COMMENTS = YES;
				CLANG_WARN_EMPTY_BODY = YES;
				CLANG_WARN_ENUM_CONVERSION = YES;
				CLANG_WARN_INFINITE_RECURSION = YES;
				CLANG_WARN_INT_CONVERSION = YES;
				CLANG_WARN_NON_LITERAL_NULL_CONVERSION = YES;
				CLANG_WARN_OBJC_IMPLICIT_RETAIN_SELF = YES;
				CLANG_WARN_OBJC_LITERAL_CONVERSION = YES;
				CLANG_WARN_OBJC_ROOT_CLASS = YES_ERROR;
				CLANG_WARN_RANGE_LOOP_ANALYSIS = YES;
				CLANG_WARN_STRICT_PROTOTYPES = YES;
				CLANG_WARN_SUSPICIOUS_MOVE = YES;
				CLANG_WARN_UNGUARDED_AVAILABILITY = YES_AGGRESSIVE;
				CLANG_WARN_UNREACHABLE_CODE = YES;
				CLANG_WARN__DUPLICATE_METHOD_MATCH = YES;
				CODE_SIGN_IDENTITY = "iPhone Developer";
				COPY_PHASE_STRIP = NO;
				DEBUG_INFORMATION_FORMAT = dwarf;
				ENABLE_STRICT_OBJC_MSGSEND = YES;
				ENABLE_TESTABILITY = YES;
				GCC_C_LANGUAGE_STANDARD = gnu11;
				GCC_DYNAMIC_NO_PIC = NO;
				GCC_NO_COMMON_BLOCKS = YES;
				GCC_OPTIMIZATION_LEVEL = 0;
				GCC_PREPROCESSOR_DEFINITIONS = (
					"DEBUG=1",
					"$(inherited)",
				);
				GCC_WARN_64_TO_32_BIT_CONVERSION = YES;
				GCC_WARN_ABOUT_RETURN_TYPE = YES_ERROR;
				GCC_WARN_UNDECLARED_SELECTOR = YES;
				GCC_WARN_UNINITIALIZED_AUTOS = YES_AGGRESSIVE;
				GCC_WARN_UNUSED_FUNCTION = YES;
				GCC_WARN_UNUSED_VARIABLE = YES;
				IPHONEOS_DEPLOYMENT_TARGET = 12.1;
				MTL_ENABLE_DEBUG_INFO = INCLUDE_SOURCE;
				MTL_FAST_MATH = YES;
				ONLY_ACTIVE_ARCH = YES;
				SDKROOT = iphoneos;
				SWIFT_ACTIVE_COMPILATION_CONDITIONS = DEBUG;
				SWIFT_OPTIMIZATION_LEVEL = "-Onone";
			};
			name = Debug;
		};
		F31D9BF3219A1E9700DE90E1 /* Release */ = {
			isa = XCBuildConfiguration;
			buildSettings = {
				ALWAYS_SEARCH_USER_PATHS = NO;
				CLANG_ANALYZER_NONNULL = YES;
				CLANG_ANALYZER_NUMBER_OBJECT_CONVERSION = YES_AGGRESSIVE;
				CLANG_CXX_LANGUAGE_STANDARD = "gnu++14";
				CLANG_CXX_LIBRARY = "libc++";
				CLANG_ENABLE_MODULES = YES;
				CLANG_ENABLE_OBJC_ARC = YES;
				CLANG_ENABLE_OBJC_WEAK = YES;
				CLANG_WARN_BLOCK_CAPTURE_AUTORELEASING = YES;
				CLANG_WARN_BOOL_CONVERSION = YES;
				CLANG_WARN_COMMA = YES;
				CLANG_WARN_CONSTANT_CONVERSION = YES;
				CLANG_WARN_DEPRECATED_OBJC_IMPLEMENTATIONS = YES;
				CLANG_WARN_DIRECT_OBJC_ISA_USAGE = YES_ERROR;
				CLANG_WARN_DOCUMENTATION_COMMENTS = YES;
				CLANG_WARN_EMPTY_BODY = YES;
				CLANG_WARN_ENUM_CONVERSION = YES;
				CLANG_WARN_INFINITE_RECURSION = YES;
				CLANG_WARN_INT_CONVERSION = YES;
				CLANG_WARN_NON_LITERAL_NULL_CONVERSION = YES;
				CLANG_WARN_OBJC_IMPLICIT_RETAIN_SELF = YES;
				CLANG_WARN_OBJC_LITERAL_CONVERSION = YES;
				CLANG_WARN_OBJC_ROOT_CLASS = YES_ERROR;
				CLANG_WARN_RANGE_LOOP_ANALYSIS = YES;
				CLANG_WARN_STRICT_PROTOTYPES = YES;
				CLANG_WARN_SUSPICIOUS_MOVE = YES;
				CLANG_WARN_UNGUARDED_AVAILABILITY = YES_AGGRESSIVE;
				CLANG_WARN_UNREACHABLE_CODE = YES;
				CLANG_WARN__DUPLICATE_METHOD_MATCH = YES;
				CODE_SIGN_IDENTITY = "iPhone Developer";
				COPY_PHASE_STRIP = NO;
				DEBUG_INFORMATION_FORMAT = "dwarf-with-dsym";
				ENABLE_NS_ASSERTIONS = NO;
				ENABLE_STRICT_OBJC_MSGSEND = YES;
				GCC_C_LANGUAGE_STANDARD = gnu11;
				GCC_NO_COMMON_BLOCKS = YES;
				GCC_WARN_64_TO_32_BIT_CONVERSION = YES;
				GCC_WARN_ABOUT_RETURN_TYPE = YES_ERROR;
				GCC_WARN_UNDECLARED_SELECTOR = YES;
				GCC_WARN_UNINITIALIZED_AUTOS = YES_AGGRESSIVE;
				GCC_WARN_UNUSED_FUNCTION = YES;
				GCC_WARN_UNUSED_VARIABLE = YES;
				IPHONEOS_DEPLOYMENT_TARGET = 12.1;
				MTL_ENABLE_DEBUG_INFO = NO;
				MTL_FAST_MATH = YES;
				SDKROOT = iphoneos;
				SWIFT_COMPILATION_MODE = wholemodule;
				SWIFT_OPTIMIZATION_LEVEL = "-O";
				VALIDATE_PRODUCT = YES;
			};
			name = Release;
		};
		F31D9BF5219A1E9700DE90E1 /* Debug */ = {
			isa = XCBuildConfiguration;
			buildSettings = {
				ASSETCATALOG_COMPILER_APPICON_NAME = AppIcon;
				CODE_SIGN_STYLE = Automatic;
				INFOPLIST_FILE = "Art-Gallery Project/Info.plist";
				LD_RUNPATH_SEARCH_PATHS = (
					"$(inherited)",
					"@executable_path/Frameworks",
				);
				PRODUCT_BUNDLE_IDENTIFIER = "com.meeraandersen.Art-Gallery-Project";
				PRODUCT_NAME = "$(TARGET_NAME)";
				SWIFT_VERSION = 4.2;
				TARGETED_DEVICE_FAMILY = "1,2";
			};
			name = Debug;
		};
		F31D9BF6219A1E9700DE90E1 /* Release */ = {
			isa = XCBuildConfiguration;
			buildSettings = {
				ASSETCATALOG_COMPILER_APPICON_NAME = AppIcon;
				CODE_SIGN_STYLE = Automatic;
				INFOPLIST_FILE = "Art-Gallery Project/Info.plist";
				LD_RUNPATH_SEARCH_PATHS = (
					"$(inherited)",
					"@executable_path/Frameworks",
				);
				PRODUCT_BUNDLE_IDENTIFIER = "com.meeraandersen.Art-Gallery-Project";
				PRODUCT_NAME = "$(TARGET_NAME)";
				SWIFT_VERSION = 4.2;
				TARGETED_DEVICE_FAMILY = "1,2";
			};
			name = Release;
		};
/* End XCBuildConfiguration section */

/* Begin XCConfigurationList section */
		F31D9BDD219A1E9700DE90E1 /* Build configuration list for PBXProject "Art-Gallery Project" */ = {
			isa = XCConfigurationList;
			buildConfigurations = (
				F31D9BF2219A1E9700DE90E1 /* Debug */,
				F31D9BF3219A1E9700DE90E1 /* Release */,
			);
			defaultConfigurationIsVisible = 0;
			defaultConfigurationName = Release;
		};
		F31D9BF4219A1E9700DE90E1 /* Build configuration list for PBXNativeTarget "Art-Gallery Project" */ = {
			isa = XCConfigurationList;
			buildConfigurations = (
				F31D9BF5219A1E9700DE90E1 /* Debug */,
				F31D9BF6219A1E9700DE90E1 /* Release */,
			);
			defaultConfigurationIsVisible = 0;
			defaultConfigurationName = Release;
		};
/* End XCConfigurationList section */
	};
	rootObject = F31D9BDA219A1E9700DE90E1 /* Project object */;
}
